// !$*UTF8*$!
{
	archiveVersion = 1;
	classes = {
	};
	objectVersion = 46;
	objects = {

/* Begin PBXBuildFile section */
		041C90EF1C94B91000EE8BA4 /* AppDelegate.swift in Sources */ = {isa = PBXBuildFile; fileRef = 041C90EE1C94B91000EE8BA4 /* AppDelegate.swift */; };
		041C90F11C94B91000EE8BA4 /* ViewController.swift in Sources */ = {isa = PBXBuildFile; fileRef = 041C90F01C94B91000EE8BA4 /* ViewController.swift */; };
		041C90F41C94B91000EE8BA4 /* Main.storyboard in Resources */ = {isa = PBXBuildFile; fileRef = 041C90F21C94B91000EE8BA4 /* Main.storyboard */; };
		041C90F61C94B91000EE8BA4 /* Assets.xcassets in Resources */ = {isa = PBXBuildFile; fileRef = 041C90F51C94B91000EE8BA4 /* Assets.xcassets */; };
		041C90F91C94B91000EE8BA4 /* LaunchScreen.storyboard in Resources */ = {isa = PBXBuildFile; fileRef = 041C90F71C94B91000EE8BA4 /* LaunchScreen.storyboard */; };
		041C91041C94B91000EE8BA4 /* PitchPefectTests.swift in Sources */ = {isa = PBXBuildFile; fileRef = 041C91031C94B91000EE8BA4 /* PitchPefectTests.swift */; };
		041C910F1C94B91000EE8BA4 /* PitchPefectUITests.swift in Sources */ = {isa = PBXBuildFile; fileRef = 041C910E1C94B91000EE8BA4 /* PitchPefectUITests.swift */; };
/* End PBXBuildFile section */

/* Begin PBXContainerItemProxy section */
		041C91001C94B91000EE8BA4 /* PBXContainerItemProxy */ = {
			isa = PBXContainerItemProxy;
			containerPortal = 041C90E31C94B91000EE8BA4 /* Project object */;
			proxyType = 1;
			remoteGlobalIDString = 041C90EA1C94B91000EE8BA4;
			remoteInfo = PitchPefect;
		};
		041C910B1C94B91000EE8BA4 /* PBXContainerItemProxy */ = {
			isa = PBXContainerItemProxy;
			containerPortal = 041C90E31C94B91000EE8BA4 /* Project object */;
			proxyType = 1;
			remoteGlobalIDString = 041C90EA1C94B91000EE8BA4;
			remoteInfo = PitchPefect;
		};
/* End PBXContainerItemProxy section */

/* Begin PBXFileReference section */
		041C90EB1C94B91000EE8BA4 /* PitchPefect.app */ = {isa = PBXFileReference; explicitFileType = wrapper.application; includeInIndex = 0; path = PitchPefect.app; sourceTree = BUILT_PRODUCTS_DIR; };
		041C90EE1C94B91000EE8BA4 /* AppDelegate.swift */ = {isa = PBXFileReference; lastKnownFileType = sourcecode.swift; path = AppDelegate.swift; sourceTree = "<group>"; };
		041C90F01C94B91000EE8BA4 /* ViewController.swift */ = {isa = PBXFileReference; lastKnownFileType = sourcecode.swift; path = ViewController.swift; sourceTree = "<group>"; };
		041C90F31C94B91000EE8BA4 /* Base */ = {isa = PBXFileReference; lastKnownFileType = file.storyboard; name = Base; path = Base.lproj/Main.storyboard; sourceTree = "<group>"; };
		041C90F51C94B91000EE8BA4 /* Assets.xcassets */ = {isa = PBXFileReference; lastKnownFileType = folder.assetcatalog; path = Assets.xcassets; sourceTree = "<group>"; };
		041C90F81C94B91000EE8BA4 /* Base */ = {isa = PBXFileReference; lastKnownFileType = file.storyboard; name = Base; path = Base.lproj/LaunchScreen.storyboard; sourceTree = "<group>"; };
		041C90FA1C94B91000EE8BA4 /* Info.plist */ = {isa = PBXFileReference; lastKnownFileType = text.plist.xml; path = Info.plist; sourceTree = "<group>"; };
		041C90FF1C94B91000EE8BA4 /* PitchPefectTests.xctest */ = {isa = PBXFileReference; explicitFileType = wrapper.cfbundle; includeInIndex = 0; path = PitchPefectTests.xctest; sourceTree = BUILT_PRODUCTS_DIR; };
		041C91031C94B91000EE8BA4 /* PitchPefectTests.swift */ = {isa = PBXFileReference; lastKnownFileType = sourcecode.swift; path = PitchPefectTests.swift; sourceTree = "<group>"; };
		041C91051C94B91000EE8BA4 /* Info.plist */ = {isa = PBXFileReference; lastKnownFileType = text.plist.xml; path = Info.plist; sourceTree = "<group>"; };
		041C910A1C94B91000EE8BA4 /* PitchPefectUITests.xctest */ = {isa = PBXFileReference; explicitFileType = wrapper.cfbundle; includeInIndex = 0; path = PitchPefectUITests.xctest; sourceTree = BUILT_PRODUCTS_DIR; };
		041C910E1C94B91000EE8BA4 /* PitchPefectUITests.swift */ = {isa = PBXFileReference; lastKnownFileType = sourcecode.swift; path = PitchPefectUITests.swift; sourceTree = "<group>"; };
		041C91101C94B91000EE8BA4 /* Info.plist */ = {isa = PBXFileReference; lastKnownFileType = text.plist.xml; path = Info.plist; sourceTree = "<group>"; };
/* End PBXFileReference section */

/* Begin PBXFrameworksBuildPhase section */
		041C90E81C94B91000EE8BA4 /* Frameworks */ = {
			isa = PBXFrameworksBuildPhase;
			buildActionMask = 2147483647;
			files = (
			);
			runOnlyForDeploymentPostprocessing = 0;
		};
		041C90FC1C94B91000EE8BA4 /* Frameworks */ = {
			isa = PBXFrameworksBuildPhase;
			buildActionMask = 2147483647;
			files = (
			);
			runOnlyForDeploymentPostprocessing = 0;
		};
		041C91071C94B91000EE8BA4 /* Frameworks */ = {
			isa = PBXFrameworksBuildPhase;
			buildActionMask = 2147483647;
			files = (
			);
			runOnlyForDeploymentPostprocessing = 0;
		};
/* End PBXFrameworksBuildPhase section */

/* Begin PBXGroup section */
		041C90E21C94B91000EE8BA4 = {
			isa = PBXGroup;
			children = (
				041C90ED1C94B91000EE8BA4 /* PitchPefect */,
				041C91021C94B91000EE8BA4 /* PitchPefectTests */,
				041C910D1C94B91000EE8BA4 /* PitchPefectUITests */,
				041C90EC1C94B91000EE8BA4 /* Products */,
			);
			sourceTree = "<group>";
		};
		041C90EC1C94B91000EE8BA4 /* Products */ = {
			isa = PBXGroup;
			children = (
				041C90EB1C94B91000EE8BA4 /* PitchPefect.app */,
				041C90FF1C94B91000EE8BA4 /* PitchPefectTests.xctest */,
				041C910A1C94B91000EE8BA4 /* PitchPefectUITests.xctest */,
			);
			name = Products;
			sourceTree = "<group>";
		};
		041C90ED1C94B91000EE8BA4 /* PitchPefect */ = {
			isa = PBXGroup;
			children = (
				041C90EE1C94B91000EE8BA4 /* AppDelegate.swift */,
				041C90F01C94B91000EE8BA4 /* ViewController.swift */,
				041C90F21C94B91000EE8BA4 /* Main.storyboard */,
				041C90F51C94B91000EE8BA4 /* Assets.xcassets */,
				041C90F71C94B91000EE8BA4 /* LaunchScreen.storyboard */,
				041C90FA1C94B91000EE8BA4 /* Info.plist */,
			);
			path = PitchPefect;
			sourceTree = "<group>";
		};
		041C91021C94B91000EE8BA4 /* PitchPefectTests */ = {
			isa = PBXGroup;
			children = (
				041C91031C94B91000EE8BA4 /* PitchPefectTests.swift */,
				041C91051C94B91000EE8BA4 /* Info.plist */,
			);
			path = PitchPefectTests;
			sourceTree = "<group>";
		};
		041C910D1C94B91000EE8BA4 /* PitchPefectUITests */ = {
			isa = PBXGroup;
			children = (
				041C910E1C94B91000EE8BA4 /* PitchPefectUITests.swift */,
				041C91101C94B91000EE8BA4 /* Info.plist */,
			);
			path = PitchPefectUITests;
			sourceTree = "<group>";
		};
/* End PBXGroup section */

/* Begin PBXNativeTarget section */
		041C90EA1C94B91000EE8BA4 /* PitchPefect */ = {
			isa = PBXNativeTarget;
			buildConfigurationList = 041C91131C94B91000EE8BA4 /* Build configuration list for PBXNativeTarget "PitchPefect" */;
			buildPhases = (
				041C90E71C94B91000EE8BA4 /* Sources */,
				041C90E81C94B91000EE8BA4 /* Frameworks */,
				041C90E91C94B91000EE8BA4 /* Resources */,
			);
			buildRules = (
			);
			dependencies = (
			);
			name = PitchPefect;
			productName = PitchPefect;
			productReference = 041C90EB1C94B91000EE8BA4 /* PitchPefect.app */;
			productType = "com.apple.product-type.application";
		};
		041C90FE1C94B91000EE8BA4 /* PitchPefectTests */ = {
			isa = PBXNativeTarget;
			buildConfigurationList = 041C91161C94B91000EE8BA4 /* Build configuration list for PBXNativeTarget "PitchPefectTests" */;
			buildPhases = (
				041C90FB1C94B91000EE8BA4 /* Sources */,
				041C90FC1C94B91000EE8BA4 /* Frameworks */,
				041C90FD1C94B91000EE8BA4 /* Resources */,
			);
			buildRules = (
			);
			dependencies = (
				041C91011C94B91000EE8BA4 /* PBXTargetDependency */,
			);
			name = PitchPefectTests;
			productName = PitchPefectTests;
			productReference = 041C90FF1C94B91000EE8BA4 /* PitchPefectTests.xctest */;
			productType = "com.apple.product-type.bundle.unit-test";
		};
		041C91091C94B91000EE8BA4 /* PitchPefectUITests */ = {
			isa = PBXNativeTarget;
			buildConfigurationList = 041C91191C94B91000EE8BA4 /* Build configuration list for PBXNativeTarget "PitchPefectUITests" */;
			buildPhases = (
				041C91061C94B91000EE8BA4 /* Sources */,
				041C91071C94B91000EE8BA4 /* Frameworks */,
				041C91081C94B91000EE8BA4 /* Resources */,
			);
			buildRules = (
			);
			dependencies = (
				041C910C1C94B91000EE8BA4 /* PBXTargetDependency */,
			);
			name = PitchPefectUITests;
			productName = PitchPefectUITests;
			productReference = 041C910A1C94B91000EE8BA4 /* PitchPefectUITests.xctest */;
			productType = "com.apple.product-type.bundle.ui-testing";
		};
/* End PBXNativeTarget section */

/* Begin PBXProject section */
		041C90E31C94B91000EE8BA4 /* Project object */ = {
			isa = PBXProject;
			attributes = {
				LastSwiftUpdateCheck = 0720;
				LastUpgradeCheck = 0720;
				ORGANIZATIONNAME = "Taylor Reece";
				TargetAttributes = {
					041C90EA1C94B91000EE8BA4 = {
						CreatedOnToolsVersion = 7.2.1;
					};
					041C90FE1C94B91000EE8BA4 = {
						CreatedOnToolsVersion = 7.2.1;
						TestTargetID = 041C90EA1C94B91000EE8BA4;
					};
					041C91091C94B91000EE8BA4 = {
						CreatedOnToolsVersion = 7.2.1;
						TestTargetID = 041C90EA1C94B91000EE8BA4;
					};
				};
			};
			buildConfigurationList = 041C90E61C94B91000EE8BA4 /* Build configuration list for PBXProject "PitchPefect" */;
			compatibilityVersion = "Xcode 3.2";
			developmentRegion = English;
			hasScannedForEncodings = 0;
			knownRegions = (
				en,
				Base,
			);
			mainGroup = 041C90E21C94B91000EE8BA4;
			productRefGroup = 041C90EC1C94B91000EE8BA4 /* Products */;
			projectDirPath = "";
			projectRoot = "";
			targets = (
				041C90EA1C94B91000EE8BA4 /* PitchPefect */,
				041C90FE1C94B91000EE8BA4 /* PitchPefectTests */,
				041C91091C94B91000EE8BA4 /* PitchPefectUITests */,
			);
		};
/* End PBXProject section */

/* Begin PBXResourcesBuildPhase section */
		041C90E91C94B91000EE8BA4 /* Resources */ = {
			isa = PBXResourcesBuildPhase;
			buildActionMask = 2147483647;
			files = (
				041C90F91C94B91000EE8BA4 /* LaunchScreen.storyboard in Resources */,
				041C90F61C94B91000EE8BA4 /* Assets.xcassets in Resources */,
				041C90F41C94B91000EE8BA4 /* Main.storyboard in Resources */,
			);
			runOnlyForDeploymentPostprocessing = 0;
		};
		041C90FD1C94B91000EE8BA4 /* Resources */ = {
			isa = PBXResourcesBuildPhase;
			buildActionMask = 2147483647;
			files = (
			);
			runOnlyForDeploymentPostprocessing = 0;
		};
		041C91081C94B91000EE8BA4 /* Resources */ = {
			isa = PBXResourcesBuildPhase;
			buildActionMask = 2147483647;
			files = (
			);
			runOnlyForDeploymentPostprocessing = 0;
		};
/* End PBXResourcesBuildPhase section */

/* Begin PBXSourcesBuildPhase section */
		041C90E71C94B91000EE8BA4 /* Sources */ = {
			isa = PBXSourcesBuildPhase;
			buildActionMask = 2147483647;
			files = (
				041C90F11C94B91000EE8BA4 /* ViewController.swift in Sources */,
				041C90EF1C94B91000EE8BA4 /* AppDelegate.swift in Sources */,
			);
			runOnlyForDeploymentPostprocessing = 0;
		};
		041C90FB1C94B91000EE8BA4 /* Sources */ = {
			isa = PBXSourcesBuildPhase;
			buildActionMask = 2147483647;
			files = (
				041C91041C94B91000EE8BA4 /* PitchPefectTests.swift in Sources */,
			);
			runOnlyForDeploymentPostprocessing = 0;
		};
		041C91061C94B91000EE8BA4 /* Sources */ = {
			isa = PBXSourcesBuildPhase;
			buildActionMask = 2147483647;
			files = (
				041C910F1C94B91000EE8BA4 /* PitchPefectUITests.swift in Sources */,
			);
			runOnlyForDeploymentPostprocessing = 0;
		};
/* End PBXSourcesBuildPhase section */

/* Begin PBXTargetDependency section */
		041C91011C94B91000EE8BA4 /* PBXTargetDependency */ = {
			isa = PBXTargetDependency;
			target = 041C90EA1C94B91000EE8BA4 /* PitchPefect */;
			targetProxy = 041C91001C94B91000EE8BA4 /* PBXContainerItemProxy */;
		};
		041C910C1C94B91000EE8BA4 /* PBXTargetDependency */ = {
			isa = PBXTargetDependency;
			target = 041C90EA1C94B91000EE8BA4 /* PitchPefect */;
			targetProxy = 041C910B1C94B91000EE8BA4 /* PBXContainerItemProxy */;
		};
/* End PBXTargetDependency section */

/* Begin PBXVariantGroup section */
		041C90F21C94B91000EE8BA4 /* Main.storyboard */ = {
			isa = PBXVariantGroup;
			children = (
				041C90F31C94B91000EE8BA4 /* Base */,
			);
			name = Main.storyboard;
			sourceTree = "<group>";
		};
		041C90F71C94B91000EE8BA4 /* LaunchScreen.storyboard */ = {
			isa = PBXVariantGroup;
			children = (
				041C90F81C94B91000EE8BA4 /* Base */,
			);
			name = LaunchScreen.storyboard;
			sourceTree = "<group>";
		};
/* End PBXVariantGroup section */

/* Begin XCBuildConfiguration section */
		041C91111C94B91000EE8BA4 /* Debug */ = {
			isa = XCBuildConfiguration;
			buildSettings = {
				ALWAYS_SEARCH_USER_PATHS = NO;
				CLANG_CXX_LANGUAGE_STANDARD = "gnu++0x";
				CLANG_CXX_LIBRARY = "libc++";
				CLANG_ENABLE_MODULES = YES;
				CLANG_ENABLE_OBJC_ARC = YES;
				CLANG_WARN_BOOL_CONVERSION = YES;
				CLANG_WARN_CONSTANT_CONVERSION = YES;
				CLANG_WARN_DIRECT_OBJC_ISA_USAGE = YES_ERROR;
				CLANG_WARN_EMPTY_BODY = YES;
				CLANG_WARN_ENUM_CONVERSION = YES;
				CLANG_WARN_INT_CONVERSION = YES;
				CLANG_WARN_OBJC_ROOT_CLASS = YES_ERROR;
				CLANG_WARN_UNREACHABLE_CODE = YES;
				CLANG_WARN__DUPLICATE_METHOD_MATCH = YES;
				"CODE_SIGN_IDENTITY[sdk=iphoneos*]" = "iPhone Developer";
				COPY_PHASE_STRIP = NO;
				DEBUG_INFORMATION_FORMAT = dwarf;
				ENABLE_STRICT_OBJC_MSGSEND = YES;
				ENABLE_TESTABILITY = YES;
				GCC_C_LANGUAGE_STANDARD = gnu99;
				GCC_DYNAMIC_NO_PIC = NO;
				GCC_NO_COMMON_BLOCKS = YES;
				GCC_OPTIMIZATION_LEVEL = 0;
				GCC_PREPROCESSOR_DEFINITIONS = (
					"DEBUG=1",
					"$(inherited)",
				);
				GCC_WARN_64_TO_32_BIT_CONVERSION = YES;
				GCC_WARN_ABOUT_RETURN_TYPE = YES_ERROR;
				GCC_WARN_UNDECLARED_SELECTOR = YES;
				GCC_WARN_UNINITIALIZED_AUTOS = YES_AGGRESSIVE;
				GCC_WARN_UNUSED_FUNCTION = YES;
				GCC_WARN_UNUSED_VARIABLE = YES;
				IPHONEOS_DEPLOYMENT_TARGET = 9.2;
				MTL_ENABLE_DEBUG_INFO = YES;
				ONLY_ACTIVE_ARCH = YES;
				SDKROOT = iphoneos;
				SWIFT_OPTIMIZATION_LEVEL = "-Onone";
				TARGETED_DEVICE_FAMILY = "1,2";
			};
			name = Debug;
		};
		041C91121C94B91000EE8BA4 /* Release */ = {
			isa = XCBuildConfiguration;
			buildSettings = {
				ALWAYS_SEARCH_USER_PATHS = NO;
				CLANG_CXX_LANGUAGE_STANDARD = "gnu++0x";
				CLANG_CXX_LIBRARY = "libc++";
				CLANG_ENABLE_MODULES = YES;
				CLANG_ENABLE_OBJC_ARC = YES;
				CLANG_WARN_BOOL_CONVERSION = YES;
				CLANG_WARN_CONSTANT_CONVERSION = YES;
				CLANG_WARN_DIRECT_OBJC_ISA_USAGE = YES_ERROR;
				CLANG_WARN_EMPTY_BODY = YES;
				CLANG_WARN_ENUM_CONVERSION = YES;
				CLANG_WARN_INT_CONVERSION = YES;
				CLANG_WARN_OBJC_ROOT_CLASS = YES_ERROR;
				CLANG_WARN_UNREACHABLE_CODE = YES;
				CLANG_WARN__DUPLICATE_METHOD_MATCH = YES;
				"CODE_SIGN_IDENTITY[sdk=iphoneos*]" = "iPhone Developer";
				COPY_PHASE_STRIP = NO;
				DEBUG_INFORMATION_FORMAT = "dwarf-with-dsym";
				ENABLE_NS_ASSERTIONS = NO;
				ENABLE_STRICT_OBJC_MSGSEND = YES;
				GCC_C_LANGUAGE_STANDARD = gnu99;
				GCC_NO_COMMON_BLOCKS = YES;
				GCC_WARN_64_TO_32_BIT_CONVERSION = YES;
				GCC_WARN_ABOUT_RETURN_TYPE = YES_ERROR;
				GCC_WARN_UNDECLARED_SELECTOR = YES;
				GCC_WARN_UNINITIALIZED_AUTOS = YES_AGGRESSIVE;
				GCC_WARN_UNUSED_FUNCTION = YES;
				GCC_WARN_UNUSED_VARIABLE = YES;
				IPHONEOS_DEPLOYMENT_TARGET = 9.2;
				MTL_ENABLE_DEBUG_INFO = NO;
				SDKROOT = iphoneos;
				TARGETED_DEVICE_FAMILY = "1,2";
				VALIDATE_PRODUCT = YES;
			};
			name = Release;
		};
		041C91141C94B91000EE8BA4 /* Debug */ = {
			isa = XCBuildConfiguration;
			buildSettings = {
				ASSETCATALOG_COMPILER_APPICON_NAME = AppIcon;
				INFOPLIST_FILE = PitchPefect/Info.plist;
				LD_RUNPATH_SEARCH_PATHS = "$(inherited) @executable_path/Frameworks";
				PRODUCT_BUNDLE_IDENTIFIER = com.reecemath.PitchPefect;
				PRODUCT_NAME = "$(TARGET_NAME)";
			};
			name = Debug;
		};
		041C91151C94B91000EE8BA4 /* Release */ = {
			isa = XCBuildConfiguration;
			buildSettings = {
				ASSETCATALOG_COMPILER_APPICON_NAME = AppIcon;
				INFOPLIST_FILE = PitchPefect/Info.plist;
				LD_RUNPATH_SEARCH_PATHS = "$(inherited) @executable_path/Frameworks";
				PRODUCT_BUNDLE_IDENTIFIER = com.reecemath.PitchPefect;
				PRODUCT_NAME = "$(TARGET_NAME)";
			};
			name = Release;
		};
		041C91171C94B91000EE8BA4 /* Debug */ = {
			isa = XCBuildConfiguration;
			buildSettings = {
				BUNDLE_LOADER = "$(TEST_HOST)";
				INFOPLIST_FILE = PitchPefectTests/Info.plist;
				LD_RUNPATH_SEARCH_PATHS = "$(inherited) @executable_path/Frameworks @loader_path/Frameworks";
				PRODUCT_BUNDLE_IDENTIFIER = com.reecemath.PitchPefectTests;
				PRODUCT_NAME = "$(TARGET_NAME)";
				TEST_HOST = "$(BUILT_PRODUCTS_DIR)/PitchPefect.app/PitchPefect";
			};
			name = Debug;
		};
		041C91181C94B91000EE8BA4 /* Release */ = {
			isa = XCBuildConfiguration;
			buildSettings = {
				BUNDLE_LOADER = "$(TEST_HOST)";
				INFOPLIST_FILE = PitchPefectTests/Info.plist;
				LD_RUNPATH_SEARCH_PATHS = "$(inherited) @executable_path/Frameworks @loader_path/Frameworks";
				PRODUCT_BUNDLE_IDENTIFIER = com.reecemath.PitchPefectTests;
				PRODUCT_NAME = "$(TARGET_NAME)";
				TEST_HOST = "$(BUILT_PRODUCTS_DIR)/PitchPefect.app/PitchPefect";
			};
			name = Release;
		};
		041C911A1C94B91000EE8BA4 /* Debug */ = {
			isa = XCBuildConfiguration;
			buildSettings = {
				INFOPLIST_FILE = PitchPefectUITests/Info.plist;
				LD_RUNPATH_SEARCH_PATHS = "$(inherited) @executable_path/Frameworks @loader_path/Frameworks";
				PRODUCT_BUNDLE_IDENTIFIER = com.reecemath.PitchPefectUITests;
				PRODUCT_NAME = "$(TARGET_NAME)";
				TEST_TARGET_NAME = PitchPefect;
				USES_XCTRUNNER = YES;
			};
			name = Debug;
		};
		041C911B1C94B91000EE8BA4 /* Release */ = {
			isa = XCBuildConfiguration;
			buildSettings = {
				INFOPLIST_FILE = PitchPefectUITests/Info.plist;
				LD_RUNPATH_SEARCH_PATHS = "$(inherited) @executable_path/Frameworks @loader_path/Frameworks";
				PRODUCT_BUNDLE_IDENTIFIER = com.reecemath.PitchPefectUITests;
				PRODUCT_NAME = "$(TARGET_NAME)";
				TEST_TARGET_NAME = PitchPefect;
				USES_XCTRUNNER = YES;
			};
			name = Release;
		};
/* End XCBuildConfiguration section */

/* Begin XCConfigurationList section */
		041C90E61C94B91000EE8BA4 /* Build configuration list for PBXProject "PitchPefect" */ = {
			isa = XCConfigurationList;
			buildConfigurations = (
				041C91111C94B91000EE8BA4 /* Debug */,
				041C91121C94B91000EE8BA4 /* Release */,
			);
			defaultConfigurationIsVisible = 0;
			defaultConfigurationName = Release;
		};
		041C91131C94B91000EE8BA4 /* Build configuration list for PBXNativeTarget "PitchPefect" */ = {
			isa = XCConfigurationList;
			buildConfigurations = (
				041C91141C94B91000EE8BA4 /* Debug */,
				041C91151C94B91000EE8BA4 /* Release */,
			);
			defaultConfigurationIsVisible = 0;
		};
		041C91161C94B91000EE8BA4 /* Build configuration list for PBXNativeTarget "PitchPefectTests" */ = {
			isa = XCConfigurationList;
			buildConfigurations = (
				041C91171C94B91000EE8BA4 /* Debug */,
				041C91181C94B91000EE8BA4 /* Release */,
			);
			defaultConfigurationIsVisible = 0;
		};
		041C91191C94B91000EE8BA4 /* Build configuration list for PBXNativeTarget "PitchPefectUITests" */ = {
			isa = XCConfigurationList;
			buildConfigurations = (
				041C911A1C94B91000EE8BA4 /* Debug */,
				041C911B1C94B91000EE8BA4 /* Release */,
			);
			defaultConfigurationIsVisible = 0;
		};
/* End XCConfigurationList section */
	};
	rootObject = 041C90E31C94B91000EE8BA4 /* Project object */;
}
